{
    "compile": {
        "org.jetbrains.kotlin:kotlin-stdlib": {
            "locked": "1.2.21",
            "transitive": [
                "org.jetbrains.kotlin:kotlin-stdlib-jdk7",
                "org.jetbrains.kotlin:kotlin-stdlib-jdk8"
            ]
        },
        "org.jetbrains.kotlin:kotlin-stdlib-jdk7": {
            "locked": "1.2.40",
            "transitive": [
                "org.jetbrains.kotlin:kotlin-stdlib-jdk8"
            ]
        },
        "org.jetbrains.kotlin:kotlin-stdlib-jdk8": {
            "locked": "1.2.40"
        },
        "org.jetbrains:annotations": {
            "locked": "13.0",
            "transitive": [
                "org.jetbrains.kotlin:kotlin-stdlib"
            ]
        }
    },
    "compileClasspath": {
        "org.jetbrains.kotlin:kotlin-stdlib": {
            "locked": "1.2.21",
            "transitive": [
                "org.jetbrains.kotlin:kotlin-stdlib-jdk7",
                "org.jetbrains.kotlin:kotlin-stdlib-jdk8"
            ]
        },
        "org.jetbrains.kotlin:kotlin-stdlib-jdk7": {
            "locked": "1.2.40",
            "transitive": [
                "org.jetbrains.kotlin:kotlin-stdlib-jdk8"
            ]
        },
        "org.jetbrains.kotlin:kotlin-stdlib-jdk8": {
            "locked": "1.2.40",
            "requested": "1.2.40"
        },
        "org.jetbrains:annotations": {
            "locked": "13.0",
            "transitive": [
                "org.jetbrains.kotlin:kotlin-stdlib"
            ]
        }
    },
    "default": {
        "org.jetbrains.kotlin:kotlin-stdlib": {
            "locked": "1.2.21",
            "transitive": [
                "org.jetbrains.kotlin:kotlin-stdlib-jdk7",
                "org.jetbrains.kotlin:kotlin-stdlib-jdk8"
            ]
        },
        "org.jetbrains.kotlin:kotlin-stdlib-jdk7": {
            "locked": "1.2.40",
            "transitive": [
                "org.jetbrains.kotlin:kotlin-stdlib-jdk8"
            ]
        },
        "org.jetbrains.kotlin:kotlin-stdlib-jdk8": {
            "locked": "1.2.40",
            "requested": "1.2.40"
        },
        "org.jetbrains:annotations": {
            "locked": "13.0",
            "transitive": [
                "org.jetbrains.kotlin:kotlin-stdlib"
            ]
        }
    },
    "kapt": {
        "org.jetbrains.kotlin:kotlin-annotation-processing-gradle": {
            "locked": "1.2.21",
            "requested": "1.2.40"
        },
        "org.jetbrains.kotlin:kotlin-compiler-embeddable": {
            "locked": "1.2.21",
            "transitive": [
                "org.jetbrains.kotlin:kotlin-annotation-processing-gradle"
            ]
        },
        "org.jetbrains.kotlin:kotlin-reflect": {
            "locked": "1.2.21",
            "transitive": [
                "org.jetbrains.kotlin:kotlin-compiler-embeddable"
            ]
        },
        "org.jetbrains.kotlin:kotlin-script-runtime": {
            "locked": "1.2.21",
            "transitive": [
                "org.jetbrains.kotlin:kotlin-compiler-embeddable"
            ]
        },
        "org.jetbrains.kotlin:kotlin-stdlib": {
            "locked": "1.2.21",
            "transitive": [
                "org.jetbrains.kotlin:kotlin-annotation-processing-gradle",
                "org.jetbrains.kotlin:kotlin-compiler-embeddable",
                "org.jetbrains.kotlin:kotlin-reflect"
            ]
        },
        "org.jetbrains:annotations": {
            "locked": "13.0",
            "transitive": [
                "org.jetbrains.kotlin:kotlin-stdlib"
            ]
        }
    },
    "kaptTest": {
        "org.jetbrains.kotlin:kotlin-annotation-processing-gradle": {
            "locked": "1.2.21",
            "requested": "1.2.40"
        },
        "org.jetbrains.kotlin:kotlin-compiler-embeddable": {
            "locked": "1.2.21",
            "transitive": [
                "org.jetbrains.kotlin:kotlin-annotation-processing-gradle"
            ]
        },
        "org.jetbrains.kotlin:kotlin-reflect": {
            "locked": "1.2.21",
            "transitive": [
                "org.jetbrains.kotlin:kotlin-compiler-embeddable"
            ]
        },
        "org.jetbrains.kotlin:kotlin-script-runtime": {
            "locked": "1.2.21",
            "transitive": [
                "org.jetbrains.kotlin:kotlin-compiler-embeddable"
            ]
        },
        "org.jetbrains.kotlin:kotlin-stdlib": {
            "locked": "1.2.21",
            "transitive": [
                "org.jetbrains.kotlin:kotlin-annotation-processing-gradle",
                "org.jetbrains.kotlin:kotlin-compiler-embeddable",
                "org.jetbrains.kotlin:kotlin-reflect"
            ]
        },
        "org.jetbrains:annotations": {
            "locked": "13.0",
            "transitive": [
                "org.jetbrains.kotlin:kotlin-stdlib"
            ]
        }
    },
    "runtime": {
        "org.jetbrains.kotlin:kotlin-stdlib": {
            "locked": "1.2.21",
            "transitive": [
                "org.jetbrains.kotlin:kotlin-stdlib-jdk7",
                "org.jetbrains.kotlin:kotlin-stdlib-jdk8"
            ]
        },
        "org.jetbrains.kotlin:kotlin-stdlib-jdk7": {
            "locked": "1.2.40",
            "transitive": [
                "org.jetbrains.kotlin:kotlin-stdlib-jdk8"
            ]
        },
        "org.jetbrains.kotlin:kotlin-stdlib-jdk8": {
            "locked": "1.2.40",
            "requested": "1.2.40"
        },
        "org.jetbrains:annotations": {
            "locked": "13.0",
            "transitive": [
                "org.jetbrains.kotlin:kotlin-stdlib"
            ]
        }
    },
    "runtimeClasspath": {
        "org.jetbrains.kotlin:kotlin-stdlib": {
            "locked": "1.2.21",
            "transitive": [
                "org.jetbrains.kotlin:kotlin-stdlib-jdk7",
                "org.jetbrains.kotlin:kotlin-stdlib-jdk8"
            ]
        },
        "org.jetbrains.kotlin:kotlin-stdlib-jdk7": {
            "locked": "1.2.40",
            "transitive": [
                "org.jetbrains.kotlin:kotlin-stdlib-jdk8"
            ]
        },
        "org.jetbrains.kotlin:kotlin-stdlib-jdk8": {
            "locked": "1.2.40",
            "requested": "1.2.40"
        },
        "org.jetbrains:annotations": {
            "locked": "13.0",
            "transitive": [
                "org.jetbrains.kotlin:kotlin-stdlib"
            ]
        }
    },
    "testCompile": {
        "org.jetbrains.kotlin:kotlin-reflect": {
            "locked": "1.2.21",
            "transitive": [
                "org.jetbrains.spek:spek-api"
            ]
        },
        "org.jetbrains.kotlin:kotlin-stdlib": {
            "locked": "1.2.21",
            "transitive": [
                "org.jetbrains.kotlin:kotlin-reflect",
                "org.jetbrains.kotlin:kotlin-stdlib-jdk7",
                "org.jetbrains.kotlin:kotlin-stdlib-jdk8",
                "org.jetbrains.kotlin:kotlin-test",
                "org.jetbrains.spek:spek-api"
            ]
        },
        "org.jetbrains.kotlin:kotlin-stdlib-jdk7": {
            "locked": "1.2.40",
            "transitive": [
                "org.jetbrains.kotlin:kotlin-stdlib-jdk8"
            ]
        },
        "org.jetbrains.kotlin:kotlin-stdlib-jdk8": {
            "locked": "1.2.40",
            "requested": "1.2.40"
        },
        "org.jetbrains.kotlin:kotlin-test": {
            "locked": "1.2.21"
        },
        "org.jetbrains.spek:spek-api": {
            "locked": "1.1.5",
            "requested": "1.1.5"
        },
        "org.jetbrains:annotations": {
            "locked": "13.0",
            "transitive": [
                "org.jetbrains.kotlin:kotlin-stdlib"
            ]
        }
    },
    "testCompileClasspath": {
        "org.apiguardian:apiguardian-api": {
            "locked": "1.0.0",
            "transitive": [
                "org.junit.jupiter:junit-jupiter-api",
                "org.junit.platform:junit-platform-commons"
            ]
        },
        "org.jetbrains.kotlin:kotlin-reflect": {
            "locked": "1.2.21",
            "requested": "1.2.40",
            "transitive": [
                "org.jetbrains.spek:spek-api"
            ]
        },
        "org.jetbrains.kotlin:kotlin-stdlib": {
            "locked": "1.2.21",
            "transitive": [
                "org.jetbrains.kotlin:kotlin-reflect",
                "org.jetbrains.kotlin:kotlin-stdlib-jdk7",
                "org.jetbrains.kotlin:kotlin-stdlib-jdk8",
                "org.jetbrains.kotlin:kotlin-test",
                "org.jetbrains.spek:spek-api"
            ]
        },
        "org.jetbrains.kotlin:kotlin-stdlib-jdk7": {
            "locked": "1.2.40",
            "transitive": [
                "org.jetbrains.kotlin:kotlin-stdlib-jdk8"
            ]
        },
        "org.jetbrains.kotlin:kotlin-stdlib-jdk8": {
            "locked": "1.2.40",
            "requested": "1.2.40"
        },
        "org.jetbrains.kotlin:kotlin-test": {
            "locked": "1.2.21",
            "requested": "1.2.40"
        },
        "org.jetbrains.spek:spek-api": {
            "locked": "1.1.5",
            "requested": "1.1.5"
        },
        "org.jetbrains:annotations": {
            "locked": "13.0",
            "transitive": [
                "org.jetbrains.kotlin:kotlin-stdlib"
            ]
        },
        "org.junit.jupiter:junit-jupiter-api": {
            "locked": "5.1.0",
            "requested": "5.1.0"
        },
        "org.junit.platform:junit-platform-commons": {
            "locked": "1.1.0",
            "transitive": [
                "org.junit.jupiter:junit-jupiter-api"
            ]
        },
        "org.opentest4j:opentest4j": {
            "locked": "1.0.0",
            "transitive": [
                "org.junit.jupiter:junit-jupiter-api"
            ]
        }
    },
    "testRuntime": {
        "org.jetbrains.kotlin:kotlin-reflect": {
            "locked": "1.2.21",
            "requested": "1.2.40",
            "transitive": [
                "org.jetbrains.spek:spek-api",
                "org.jetbrains.spek:spek-junit-platform-engine"
            ]
        },
        "org.jetbrains.kotlin:kotlin-stdlib": {
            "locked": "1.2.21",
            "transitive": [
                "org.jetbrains.kotlin:kotlin-reflect",
                "org.jetbrains.kotlin:kotlin-stdlib-jdk7",
                "org.jetbrains.kotlin:kotlin-stdlib-jdk8",
                "org.jetbrains.kotlin:kotlin-test",
                "org.jetbrains.spek:spek-api",
                "org.jetbrains.spek:spek-junit-platform-engine"
            ]
        },
        "org.jetbrains.kotlin:kotlin-stdlib-jdk7": {
            "locked": "1.2.40",
            "transitive": [
                "org.jetbrains.kotlin:kotlin-stdlib-jdk8"
            ]
        },
        "org.jetbrains.kotlin:kotlin-stdlib-jdk8": {
            "locked": "1.2.40",
            "requested": "1.2.40"
        },
        "org.jetbrains.kotlin:kotlin-test": {
            "locked": "1.2.21",
            "requested": "1.2.40"
        },
        "org.jetbrains.spek:spek-api": {
            "locked": "1.1.5",
            "requested": "1.1.5",
            "transitive": [
                "org.jetbrains.spek:spek-junit-platform-engine"
            ]
        },
        "org.jetbrains.spek:spek-junit-platform-engine": {
            "locked": "1.1.5",
            "requested": "1.1.5"
        },
        "org.jetbrains:annotations": {
            "locked": "13.0",
            "transitive": [
                "org.jetbrains.kotlin:kotlin-stdlib"
            ]
        }
    },
    "testRuntimeClasspath": {
        "org.apiguardian:apiguardian-api": {
            "locked": "1.0.0",
            "transitive": [
                "org.junit.jupiter:junit-jupiter-api",
                "org.junit.jupiter:junit-jupiter-engine",
                "org.junit.platform:junit-platform-commons",
                "org.junit.platform:junit-platform-engine"
            ]
        },
        "org.jetbrains.kotlin:kotlin-reflect": {
            "locked": "1.2.21",
            "requested": "1.2.40",
            "transitive": [
                "org.jetbrains.spek:spek-api",
                "org.jetbrains.spek:spek-junit-platform-engine"
            ]
        },
        "org.jetbrains.kotlin:kotlin-stdlib": {
            "locked": "1.2.21",
            "transitive": [
                "org.jetbrains.kotlin:kotlin-reflect",
                "org.jetbrains.kotlin:kotlin-stdlib-jdk7",
                "org.jetbrains.kotlin:kotlin-stdlib-jdk8",
                "org.jetbrains.kotlin:kotlin-test",
                "org.jetbrains.spek:spek-api",
                "org.jetbrains.spek:spek-junit-platform-engine"
            ]
        },
        "org.jetbrains.kotlin:kotlin-stdlib-jdk7": {
            "locked": "1.2.40",
            "transitive": [
                "org.jetbrains.kotlin:kotlin-stdlib-jdk8"
            ]
        },
        "org.jetbrains.kotlin:kotlin-stdlib-jdk8": {
            "locked": "1.2.40",
            "requested": "1.2.40"
        },
        "org.jetbrains.kotlin:kotlin-test": {
            "locked": "1.2.21",
            "requested": "1.2.40"
        },
        "org.jetbrains.spek:spek-api": {
            "locked": "1.1.5",
            "requested": "1.1.5",
            "transitive": [
                "org.jetbrains.spek:spek-junit-platform-engine"
            ]
        },
        "org.jetbrains.spek:spek-junit-platform-engine": {
            "locked": "1.1.5",
            "requested": "1.1.5"
        },
        "org.jetbrains:annotations": {
            "locked": "13.0",
            "transitive": [
                "org.jetbrains.kotlin:kotlin-stdlib"
            ]
        },
        "org.junit.jupiter:junit-jupiter-api": {
            "locked": "5.1.0",
            "requested": "5.1.0",
            "transitive": [
                "org.junit.jupiter:junit-jupiter-engine"
            ]
        },
        "org.junit.jupiter:junit-jupiter-engine": {
            "locked": "5.1.0",
            "requested": "5.1.0"
        },
        "org.junit.platform:junit-platform-commons": {
            "locked": "1.1.0",
            "transitive": [
                "org.junit.jupiter:junit-jupiter-api",
                "org.junit.platform:junit-platform-engine"
            ]
        },
        "org.junit.platform:junit-platform-engine": {
            "locked": "1.1.0",
            "transitive": [
                "org.junit.jupiter:junit-jupiter-engine"
            ]
        },
        "org.opentest4j:opentest4j": {
            "locked": "1.0.0",
            "transitive": [
                "org.junit.jupiter:junit-jupiter-api",
                "org.junit.platform:junit-platform-engine"
            ]
        }
    }
}